{
  "name": "05-clima-mundo",
  "version": "1.0.0",
  "lockfileVersion": 1,
  "requires": true,
  "dependencies": {
    "amdefine": {
      "version": "1.0.1",
      "resolved": "http://artifactory.devops.chl.bns/artifactory/api/npm/npm-dev/amdefine/-/amdefine-1.0.1.tgz",
      "integrity": "sha1-SlKCrBZHKek2Gbz9OtFR+BfOkfU="
    },
    "ansi-regex": {
      "version": "5.0.0",
      "resolved": "http://artifactory.devops.chl.bns/artifactory/api/npm/npm-dev/ansi-regex/-/ansi-regex-5.0.0.tgz",
      "integrity": "sha1-OIU59VF5vzkznIGvMKZU1p+Hy3U="
    },
    "ansi-styles": {
      "version": "4.3.0",
      "resolved": "http://artifactory.devops.chl.bns/artifactory/api/npm/npm-dev/ansi-styles/-/ansi-styles-4.3.0.tgz",
      "integrity": "sha1-7dgDYornHATIWuegkG7a00tkiTc=",
      "requires": {
        "color-convert": "^2.0.1"
      }
    },
    "async": {
      "version": "0.2.10",
      "resolved": "http://artifactory.devops.chl.bns/artifactory/api/npm/npm-dev/async/-/async-0.2.10.tgz",
      "integrity": "sha1-trvgsGdLnXGXCMo43owjfLUmw9E="
    },
    "axios": {
      "version": "0.21.1",
      "resolved": "http://artifactory.devops.chl.bns/artifactory/api/npm/npm-dev/axios/-/axios-0.21.1.tgz",
      "integrity": "sha1-IlY0gZYvTWvemnbVFu8OXTwJsrg=",
      "requires": {
        "follow-redirects": "^1.10.0"
      }
    },
    "cliui": {
      "version": "7.0.4",
      "resolved": "http://artifactory.devops.chl.bns/artifactory/api/npm/npm-dev/cliui/-/cliui-7.0.4.tgz",
      "integrity": "sha1-oCZe5lVHb8gHrqnfPfjfd4OAi08=",
      "requires": {
        "string-width": "^4.2.0",
        "strip-ansi": "^6.0.0",
        "wrap-ansi": "^7.0.0"
      }
    },
    "color-convert": {
      "version": "2.0.1",
      "resolved": "http://artifactory.devops.chl.bns/artifactory/api/npm/npm-dev/color-convert/-/color-convert-2.0.1.tgz",
      "integrity": "sha1-ctOmjVmMm9s68q0ehPIdiWq9TeM=",
      "requires": {
        "color-name": "~1.1.4"
      }
    },
    "color-name": {
      "version": "1.1.4",
      "resolved": "http://artifactory.devops.chl.bns/artifactory/api/npm/npm-dev/color-name/-/color-name-1.1.4.tgz",
      "integrity": "sha1-wqCah6y95pVD3m9j+jmVyCbFNqI="
    },
    "emoji-regex": {
      "version": "8.0.0",
      "resolved": "http://artifactory.devops.chl.bns/artifactory/api/npm/npm-dev/emoji-regex/-/emoji-regex-8.0.0.tgz",
      "integrity": "sha1-6Bj9ac5cz8tARZT4QpY79TFkzDc="
    },
    "escalade": {
      "version": "3.1.1",
      "resolved": "http://artifactory.devops.chl.bns/artifactory/api/npm/npm-dev/escalade/-/escalade-3.1.1.tgz",
      "integrity": "sha1-2M/ccACWXFoBdLSoLqpcBVJ0LkA="
    },
    "follow-redirects": {
      "version": "1.13.1",
      "resolved": "http://artifactory.devops.chl.bns/artifactory/api/npm/npm-dev/follow-redirects/-/follow-redirects-1.13.1.tgz",
      "integrity": "sha1-X2m4Ezds7k/QR0o6uoNd8Eq3Y7c="
    },
    "get-caller-file": {
      "version": "2.0.5",
      "resolved": "http://artifactory.devops.chl.bns/artifactory/api/npm/npm-dev/get-caller-file/-/get-caller-file-2.0.5.tgz",
      "integrity": "sha1-T5RBKoLbMvNuOwuXQfipf+sDH34="
    },
    "is-fullwidth-code-point": {
      "version": "3.0.0",
      "resolved": "http://artifactory.devops.chl.bns/artifactory/api/npm/npm-dev/is-fullwidth-code-point/-/is-fullwidth-code-point-3.0.0.tgz",
      "integrity": "sha1-8Rb4Bk/pCz94RKOJl8C3UFEmnx0="
    },
    "optimist": {
      "version": "0.3.7",
      "resolved": "http://artifactory.devops.chl.bns/artifactory/api/npm/npm-dev/optimist/-/optimist-0.3.7.tgz",
      "integrity": "sha1-yQlBrVnkJzMokjB00s8ufLxuwNk=",
      "requires": {
        "wordwrap": "~0.0.2"
      }
    },
    "require": {
      "version": "2.4.20",
      "resolved": "http://artifactory.devops.chl.bns/artifactory/api/npm/npm-dev/require/-/require-2.4.20.tgz",
      "integrity": "sha1-Zstrqqu2XeinHXk/XGX9GE83mLY=",
      "requires": {
        "std": "0.1.40",
        "uglify-js": "2.3.0"
      }
    },
    "require-directory": {
      "version": "2.1.1",
      "resolved": "http://artifactory.devops.chl.bns/artifactory/api/npm/npm-dev/require-directory/-/require-directory-2.1.1.tgz",
      "integrity": "sha1-jGStX9MNqxyXbiNE/+f3kqam30I="
    },
    "source-map": {
      "version": "0.1.43",
      "resolved": "http://artifactory.devops.chl.bns/artifactory/api/npm/npm-dev/source-map/-/source-map-0.1.43.tgz",
      "integrity": "sha1-wkvBRspRfBRx9drL4lcbK3+eM0Y=",
      "requires": {
        "amdefine": ">=0.0.4"
      }
    },
    "std": {
      "version": "0.1.40",
      "resolved": "http://artifactory.devops.chl.bns/artifactory/api/npm/npm-dev/std/-/std-0.1.40.tgz",
      "integrity": "sha1-Nnil9lCU2eG2teJu2/wCErg0K3E="
    },
    "string-width": {
      "version": "4.2.0",
      "resolved": "http://artifactory.devops.chl.bns/artifactory/api/npm/npm-dev/string-width/-/string-width-4.2.0.tgz",
      "integrity": "sha1-lSGCxGzHssMT0VluYjmSvRY7crU=",
      "requires": {
        "emoji-regex": "^8.0.0",
        "is-fullwidth-code-point": "^3.0.0",
        "strip-ansi": "^6.0.0"
      }
    },
    "strip-ansi": {
      "version": "6.0.0",
      "resolved": "http://artifactory.devops.chl.bns/artifactory/api/npm/npm-dev/strip-ansi/-/strip-ansi-6.0.0.tgz",
      "integrity": "sha1-CxVx3XZpzNTz4G4U7x7tJiJa5TI=",
      "requires": {
        "ansi-regex": "^5.0.0"
      }
    },
    "uglify-js": {
      "version": "2.3.0",
      "resolved": "http://artifactory.devops.chl.bns/artifactory/api/npm/npm-dev/uglify-js/-/uglify-js-2.3.0.tgz",
      "integrity": "sha1-LN7BbTeKiituz7aYl4TPi3rlSR8=",
      "requires": {
        "async": "~0.2.6",
        "optimist": "~0.3.5",
        "source-map": "~0.1.7"
      }
    },
    "wordwrap": {
      "version": "0.0.3",
      "resolved": "http://artifactory.devops.chl.bns/artifactory/api/npm/npm-dev/wordwrap/-/wordwrap-0.0.3.tgz",
      "integrity": "sha1-o9XabNXAvAAI03I0u68b7WMFkQc="
    },
    "wrap-ansi": {
      "version": "7.0.0",
      "resolved": "http://artifactory.devops.chl.bns/artifactory/api/npm/npm-dev/wrap-ansi/-/wrap-ansi-7.0.0.tgz",
      "integrity": "sha1-Z+FFz/UQpqaYS98RUpEdadLrnkM=",
      "requires": {
        "ansi-styles": "^4.0.0",
        "string-width": "^4.1.0",
        "strip-ansi": "^6.0.0"
      }
    },
    "y18n": {
      "version": "5.0.5",
      "resolved": "http://artifactory.devops.chl.bns/artifactory/api/npm/npm-dev/y18n/-/y18n-5.0.5.tgz",
      "integrity": "sha1-h2nsCNA7HqLfJQCs71YXQ7u5qxg="
    },
    "yargs": {
      "version": "16.2.0",
      "resolved": "http://artifactory.devops.chl.bns/artifactory/api/npm/npm-dev/yargs/-/yargs-16.2.0.tgz",
      "integrity": "sha1-HIK/D2tqZur85+8w43b0mhJHf2Y=",
      "requires": {
        "cliui": "^7.0.2",
        "escalade": "^3.1.1",
        "get-caller-file": "^2.0.5",
        "require-directory": "^2.1.1",
        "string-width": "^4.2.0",
        "y18n": "^5.0.5",
        "yargs-parser": "^20.2.2"
      }
    },
    "yargs-parser": {
      "version": "20.2.4",
      "resolved": "http://artifactory.devops.chl.bns/artifactory/api/npm/npm-dev/yargs-parser/-/yargs-parser-20.2.4.tgz",
      "integrity": "sha1-tCiQ8UVmeW+Fro46JSkNIF8VSlQ="
    }
  }
}
